
Microsoft Visual Studio Solution File, Format Version 12.00
# Visual Studio 2013
VisualStudioVersion = 12.0.31101.0
MinimumVisualStudioVersion = 10.0.40219.1
Project("{FAE04EC0-301F-11D3-BF4B-00C04F79EFBC}") = "ElasticSearchTester", "ElasticSearchTester\ElasticSearchTester.csproj", "{DDEE4707-A1C4-401C-9528-CDDE8E749862}"
EndProject
Project("{2150E333-8FDC-42A3-9474-1A3956D46DE8}") = ".nuget", ".nuget", "{E85BBC09-E1D6-4C8F-BA63-A1D3FB7428F7}"
	ProjectSection(SolutionItems) = preProject
		.nuget\packages.config = .nuget\packages.config
	EndProjectSection
EndProject
Project("{2150E333-8FDC-42A3-9474-1A3956D46DE8}") = "elasticsearch", "elasticsearch", "{B37B5918-6A38-43E7-B6D9-50A13222CD19}"
EndProject
Project("{2150E333-8FDC-42A3-9474-1A3956D46DE8}") = "rabbitmq", "rabbitmq", "{D7050E71-2AE8-4913-8311-291AA913F946}"
EndProject
Project("{FAE04EC0-301F-11D3-BF4B-00C04F79EFBC}") = "RabbitMqTester", "RabbitMqTester\RabbitMqTester.csproj", "{C56D7FD1-FE6F-42D1-8762-9847E9289BC4}"
EndProject
Project("{2150E333-8FDC-42A3-9474-1A3956D46DE8}") = "External", "External", "{501BD67E-A446-4B13-86DE-3CF490EAC710}"
EndProject
Project("{2150E333-8FDC-42A3-9474-1A3956D46DE8}") = "dynamic", "dynamic", "{8A9E2DA2-4ECC-4647-A560-CA569F202851}"
EndProject
Project("{FAE04EC0-301F-11D3-BF4B-00C04F79EFBC}") = "DynamicScripting", "DynamicScripting\DynamicScripting.csproj", "{4944E062-DAAC-4BFE-AF39-59B724F5FF06}"
EndProject
Project("{2150E333-8FDC-42A3-9474-1A3956D46DE8}") = "EF", "EF", "{0381DAEF-5A3D-492D-B850-9A5469B05617}"
EndProject
Project("{FAE04EC0-301F-11D3-BF4B-00C04F79EFBC}") = "EntityFrameworkTester", "EntityFrameworkTester\EntityFrameworkTester.csproj", "{AAD78175-EC7A-470A-B9AE-6DFE7F05F355}"
EndProject
Project("{FAE04EC0-301F-11D3-BF4B-00C04F79EFBC}") = "RabbitMQ.ServiceModel", "..\RabbitMQ.ServiceModel\RabbitMQ.ServiceModel.csproj", "{D41AE1B7-1590-4251-A583-041842EE3CA6}"
EndProject
Project("{2150E333-8FDC-42A3-9474-1A3956D46DE8}") = "nest", "nest", "{3CB36ABF-61E1-47B9-8EB8-452E5135D44E}"
EndProject
Project("{2150E333-8FDC-42A3-9474-1A3956D46DE8}") = "elasticlinq", "elasticlinq", "{B44D3DB9-09BE-4711-9717-F00E2D1AF9B8}"
EndProject
Project("{FAE04EC0-301F-11D3-BF4B-00C04F79EFBC}") = "ElasticSearch.Linq", "ElasticLinqTester\ElasticSearch.Linq.csproj", "{FA32BE37-846B-41DD-86DC-C251139666C8}"
EndProject
Project("{FAE04EC0-301F-11D3-BF4B-00C04F79EFBC}") = "ElasticSearch.Linq.Test", "ElasticSearch.Linq.Test\ElasticSearch.Linq.Test.csproj", "{38955B58-8ABD-4FF1-A1C8-D14FCA110E20}"
EndProject
Global
	GlobalSection(SolutionConfigurationPlatforms) = preSolution
		Debug|Any CPU = Debug|Any CPU
		Release|Any CPU = Release|Any CPU
	EndGlobalSection
	GlobalSection(ProjectConfigurationPlatforms) = postSolution
		{DDEE4707-A1C4-401C-9528-CDDE8E749862}.Debug|Any CPU.ActiveCfg = Debug|Any CPU
		{DDEE4707-A1C4-401C-9528-CDDE8E749862}.Debug|Any CPU.Build.0 = Debug|Any CPU
		{DDEE4707-A1C4-401C-9528-CDDE8E749862}.Release|Any CPU.ActiveCfg = Release|Any CPU
		{DDEE4707-A1C4-401C-9528-CDDE8E749862}.Release|Any CPU.Build.0 = Release|Any CPU
		{C56D7FD1-FE6F-42D1-8762-9847E9289BC4}.Debug|Any CPU.ActiveCfg = Debug|Any CPU
		{C56D7FD1-FE6F-42D1-8762-9847E9289BC4}.Debug|Any CPU.Build.0 = Debug|Any CPU
		{C56D7FD1-FE6F-42D1-8762-9847E9289BC4}.Release|Any CPU.ActiveCfg = Release|Any CPU
		{C56D7FD1-FE6F-42D1-8762-9847E9289BC4}.Release|Any CPU.Build.0 = Release|Any CPU
		{4944E062-DAAC-4BFE-AF39-59B724F5FF06}.Debug|Any CPU.ActiveCfg = Debug|Any CPU
		{4944E062-DAAC-4BFE-AF39-59B724F5FF06}.Debug|Any CPU.Build.0 = Debug|Any CPU
		{4944E062-DAAC-4BFE-AF39-59B724F5FF06}.Release|Any CPU.ActiveCfg = Release|Any CPU
		{4944E062-DAAC-4BFE-AF39-59B724F5FF06}.Release|Any CPU.Build.0 = Release|Any CPU
		{AAD78175-EC7A-470A-B9AE-6DFE7F05F355}.Debug|Any CPU.ActiveCfg = Debug|Any CPU
		{AAD78175-EC7A-470A-B9AE-6DFE7F05F355}.Debug|Any CPU.Build.0 = Debug|Any CPU
		{AAD78175-EC7A-470A-B9AE-6DFE7F05F355}.Release|Any CPU.ActiveCfg = Release|Any CPU
		{AAD78175-EC7A-470A-B9AE-6DFE7F05F355}.Release|Any CPU.Build.0 = Release|Any CPU
		{D41AE1B7-1590-4251-A583-041842EE3CA6}.Debug|Any CPU.ActiveCfg = Debug|Any CPU
		{D41AE1B7-1590-4251-A583-041842EE3CA6}.Debug|Any CPU.Build.0 = Debug|Any CPU
		{D41AE1B7-1590-4251-A583-041842EE3CA6}.Release|Any CPU.ActiveCfg = Release|Any CPU
		{D41AE1B7-1590-4251-A583-041842EE3CA6}.Release|Any CPU.Build.0 = Release|Any CPU
		{FA32BE37-846B-41DD-86DC-C251139666C8}.Debug|Any CPU.ActiveCfg = Debug|Any CPU
		{FA32BE37-846B-41DD-86DC-C251139666C8}.Debug|Any CPU.Build.0 = Debug|Any CPU
		{FA32BE37-846B-41DD-86DC-C251139666C8}.Release|Any CPU.ActiveCfg = Release|Any CPU
		{FA32BE37-846B-41DD-86DC-C251139666C8}.Release|Any CPU.Build.0 = Release|Any CPU
		{38955B58-8ABD-4FF1-A1C8-D14FCA110E20}.Debug|Any CPU.ActiveCfg = Debug|Any CPU
		{38955B58-8ABD-4FF1-A1C8-D14FCA110E20}.Debug|Any CPU.Build.0 = Debug|Any CPU
		{38955B58-8ABD-4FF1-A1C8-D14FCA110E20}.Release|Any CPU.ActiveCfg = Release|Any CPU
		{38955B58-8ABD-4FF1-A1C8-D14FCA110E20}.Release|Any CPU.Build.0 = Release|Any CPU
	EndGlobalSection
	GlobalSection(SolutionProperties) = preSolution
		HideSolutionNode = FALSE
	EndGlobalSection
	GlobalSection(NestedProjects) = preSolution
		{DDEE4707-A1C4-401C-9528-CDDE8E749862} = {3CB36ABF-61E1-47B9-8EB8-452E5135D44E}
		{C56D7FD1-FE6F-42D1-8762-9847E9289BC4} = {D7050E71-2AE8-4913-8311-291AA913F946}
		{4944E062-DAAC-4BFE-AF39-59B724F5FF06} = {8A9E2DA2-4ECC-4647-A560-CA569F202851}
		{AAD78175-EC7A-470A-B9AE-6DFE7F05F355} = {0381DAEF-5A3D-492D-B850-9A5469B05617}
		{D41AE1B7-1590-4251-A583-041842EE3CA6} = {D7050E71-2AE8-4913-8311-291AA913F946}
		{3CB36ABF-61E1-47B9-8EB8-452E5135D44E} = {B37B5918-6A38-43E7-B6D9-50A13222CD19}
		{B44D3DB9-09BE-4711-9717-F00E2D1AF9B8} = {B37B5918-6A38-43E7-B6D9-50A13222CD19}
		{FA32BE37-846B-41DD-86DC-C251139666C8} = {B44D3DB9-09BE-4711-9717-F00E2D1AF9B8}
		{38955B58-8ABD-4FF1-A1C8-D14FCA110E20} = {B44D3DB9-09BE-4711-9717-F00E2D1AF9B8}
	EndGlobalSection
EndGlobal
